
Microsoft Visual Studio Solution File, Format Version 12.00
# Visual Studio Version 16
VisualStudioVersion = 16.0.30011.22
MinimumVisualStudioVersion = 10.0.40219.1
Project("{FAE04EC0-301F-11D3-BF4B-00C04F79EFBC}") = "20203202_최준혁 문제3", "20203202_최준혁 문제3\20203202_최준혁 문제3.csproj", "{DD0E035F-6717-4D9D-89EE-65D67CCAB288}"
EndProject
Global
	GlobalSection(SolutionConfigurationPlatforms) = preSolution
		Debug|Any CPU = Debug|Any CPU
		Release|Any CPU = Release|Any CPU
	EndGlobalSection
	GlobalSection(ProjectConfigurationPlatforms) = postSolution
		{DD0E035F-6717-4D9D-89EE-65D67CCAB288}.Debug|Any CPU.ActiveCfg = Debug|Any CPU
		{DD0E035F-6717-4D9D-89EE-65D67CCAB288}.Debug|Any CPU.Build.0 = Debug|Any CPU
		{DD0E035F-6717-4D9D-89EE-65D67CCAB288}.Release|Any CPU.ActiveCfg = Release|Any CPU
		{DD0E035F-6717-4D9D-89EE-65D67CCAB288}.Release|Any CPU.Build.0 = Release|Any CPU
	EndGlobalSection
	GlobalSection(SolutionProperties) = preSolution
		HideSolutionNode = FALSE
	EndGlobalSection
	GlobalSection(ExtensibilityGlobals) = postSolution
		SolutionGuid = {0FA73D36-1BDA-4715-A321-DB3818491793}
	EndGlobalSection
EndGlobal
