
Microsoft Visual Studio Solution File, Format Version 12.00
# Visual Studio Version 16
VisualStudioVersion = 16.0.30011.22
MinimumVisualStudioVersion = 10.0.40219.1
Project("{FAE04EC0-301F-11D3-BF4B-00C04F79EFBC}") = "20203199정주환_과제1", "20203199정주환_과제1.csproj", "{B1EF1C95-FF5A-4EFE-9E91-F767AD0FC92D}"
EndProject
Global
	GlobalSection(SolutionConfigurationPlatforms) = preSolution
		Debug|Any CPU = Debug|Any CPU
		Release|Any CPU = Release|Any CPU
	EndGlobalSection
	GlobalSection(ProjectConfigurationPlatforms) = postSolution
		{B1EF1C95-FF5A-4EFE-9E91-F767AD0FC92D}.Debug|Any CPU.ActiveCfg = Debug|Any CPU
		{B1EF1C95-FF5A-4EFE-9E91-F767AD0FC92D}.Debug|Any CPU.Build.0 = Debug|Any CPU
		{B1EF1C95-FF5A-4EFE-9E91-F767AD0FC92D}.Release|Any CPU.ActiveCfg = Release|Any CPU
		{B1EF1C95-FF5A-4EFE-9E91-F767AD0FC92D}.Release|Any CPU.Build.0 = Release|Any CPU
	EndGlobalSection
	GlobalSection(SolutionProperties) = preSolution
		HideSolutionNode = FALSE
	EndGlobalSection
	GlobalSection(ExtensibilityGlobals) = postSolution
		SolutionGuid = {4A75C461-ECA3-43A7-816C-3F282E1DC588}
	EndGlobalSection
EndGlobal
