
Microsoft Visual Studio Solution File, Format Version 12.00
# Visual Studio Version 16
VisualStudioVersion = 16.0.30011.22
MinimumVisualStudioVersion = 10.0.40219.1
Project("{FAE04EC0-301F-11D3-BF4B-00C04F79EFBC}") = "20203202최준혁 과제1", "20203202최준혁 과제1\20203202최준혁 과제1.csproj", "{03349CCC-2E01-46E8-A5B3-FBF525CA1614}"
EndProject
Global
	GlobalSection(SolutionConfigurationPlatforms) = preSolution
		Debug|Any CPU = Debug|Any CPU
		Release|Any CPU = Release|Any CPU
	EndGlobalSection
	GlobalSection(ProjectConfigurationPlatforms) = postSolution
		{03349CCC-2E01-46E8-A5B3-FBF525CA1614}.Debug|Any CPU.ActiveCfg = Debug|Any CPU
		{03349CCC-2E01-46E8-A5B3-FBF525CA1614}.Debug|Any CPU.Build.0 = Debug|Any CPU
		{03349CCC-2E01-46E8-A5B3-FBF525CA1614}.Release|Any CPU.ActiveCfg = Release|Any CPU
		{03349CCC-2E01-46E8-A5B3-FBF525CA1614}.Release|Any CPU.Build.0 = Release|Any CPU
	EndGlobalSection
	GlobalSection(SolutionProperties) = preSolution
		HideSolutionNode = FALSE
	EndGlobalSection
	GlobalSection(ExtensibilityGlobals) = postSolution
		SolutionGuid = {450E8AA5-CE1C-4CD3-BC47-B5EF53F234A7}
	EndGlobalSection
EndGlobal
