
Microsoft Visual Studio Solution File, Format Version 12.00
# Visual Studio Version 16
VisualStudioVersion = 16.0.30011.22
MinimumVisualStudioVersion = 10.0.40219.1
Project("{FAE04EC0-301F-11D3-BF4B-00C04F79EFBC}") = "20203202_최준혁 과제3", "20203202_최준혁 과제3\20203202_최준혁 과제3.csproj", "{BFC392C3-2937-417D-8E12-9CACA19AECE5}"
EndProject
Global
	GlobalSection(SolutionConfigurationPlatforms) = preSolution
		Debug|Any CPU = Debug|Any CPU
		Release|Any CPU = Release|Any CPU
	EndGlobalSection
	GlobalSection(ProjectConfigurationPlatforms) = postSolution
		{BFC392C3-2937-417D-8E12-9CACA19AECE5}.Debug|Any CPU.ActiveCfg = Debug|Any CPU
		{BFC392C3-2937-417D-8E12-9CACA19AECE5}.Debug|Any CPU.Build.0 = Debug|Any CPU
		{BFC392C3-2937-417D-8E12-9CACA19AECE5}.Release|Any CPU.ActiveCfg = Release|Any CPU
		{BFC392C3-2937-417D-8E12-9CACA19AECE5}.Release|Any CPU.Build.0 = Release|Any CPU
	EndGlobalSection
	GlobalSection(SolutionProperties) = preSolution
		HideSolutionNode = FALSE
	EndGlobalSection
	GlobalSection(ExtensibilityGlobals) = postSolution
		SolutionGuid = {95362081-13D3-4966-B477-494E48FA2FB0}
	EndGlobalSection
EndGlobal
