
Microsoft Visual Studio Solution File, Format Version 12.00
# Visual Studio Version 16
VisualStudioVersion = 16.0.30011.22
MinimumVisualStudioVersion = 10.0.40219.1
Project("{FAE04EC0-301F-11D3-BF4B-00C04F79EFBC}") = "20203202최준혁_실습예제2번", "20203202최준혁_실습예제2번\20203202최준혁_실습예제2번.csproj", "{B73A774E-9F4B-4601-A1EC-87502CDFC6F2}"
EndProject
Global
	GlobalSection(SolutionConfigurationPlatforms) = preSolution
		Debug|Any CPU = Debug|Any CPU
		Release|Any CPU = Release|Any CPU
	EndGlobalSection
	GlobalSection(ProjectConfigurationPlatforms) = postSolution
		{B73A774E-9F4B-4601-A1EC-87502CDFC6F2}.Debug|Any CPU.ActiveCfg = Debug|Any CPU
		{B73A774E-9F4B-4601-A1EC-87502CDFC6F2}.Debug|Any CPU.Build.0 = Debug|Any CPU
		{B73A774E-9F4B-4601-A1EC-87502CDFC6F2}.Release|Any CPU.ActiveCfg = Release|Any CPU
		{B73A774E-9F4B-4601-A1EC-87502CDFC6F2}.Release|Any CPU.Build.0 = Release|Any CPU
	EndGlobalSection
	GlobalSection(SolutionProperties) = preSolution
		HideSolutionNode = FALSE
	EndGlobalSection
	GlobalSection(ExtensibilityGlobals) = postSolution
		SolutionGuid = {55F40C06-DDE1-458D-B315-2D677E314D87}
	EndGlobalSection
EndGlobal
